// !$*UTF8*$!
{
	archiveVersion = 1;
	classes = {
	};
	objectVersion = 77;
	objects = {

/* Begin PBXContainerItemProxy section */
		1A7EDED32E61222300D83B8E /* PBXContainerItemProxy */ = {
			isa = PBXContainerItemProxy;
			containerPortal = 1A7EDEBA2E61222200D83B8E /* Project object */;
			proxyType = 1;
			remoteGlobalIDString = 1A7EDEC12E61222200D83B8E;
			remoteInfo = "Lost in the Gardens";
		};
		1A7EDEDD2E61222300D83B8E /* PBXContainerItemProxy */ = {
			isa = PBXContainerItemProxy;
			containerPortal = 1A7EDEBA2E61222200D83B8E /* Project object */;
			proxyType = 1;
			remoteGlobalIDString = 1A7EDEC12E61222200D83B8E;
			remoteInfo = "Lost in the Gardens";
		};
/* End PBXContainerItemProxy section */

/* Begin PBXFileReference section */
		1A7EDEC22E61222200D83B8E /* Lost in the Gardens.app */ = {isa = PBXFileReference; explicitFileType = wrapper.application; includeInIndex = 0; path = "Lost in the Gardens.app"; sourceTree = BUILT_PRODUCTS_DIR; };
		1A7EDED22E61222300D83B8E /* Lost in the GardensTests.xctest */ = {isa = PBXFileReference; explicitFileType = wrapper.cfbundle; includeInIndex = 0; path = "Lost in the GardensTests.xctest"; sourceTree = BUILT_PRODUCTS_DIR; };
		1A7EDEDC2E61222300D83B8E /* Lost in the GardensUITests.xctest */ = {isa = PBXFileReference; explicitFileType = wrapper.cfbundle; includeInIndex = 0; path = "Lost in the GardensUITests.xctest"; sourceTree = BUILT_PRODUCTS_DIR; };
/* End PBXFileReference section */

/* Begin PBXFileSystemSynchronizedRootGroup section */
		1A7EDEC42E61222200D83B8E /* Lost in the Gardens */ = {
			isa = PBXFileSystemSynchronizedRootGroup;
			path = "Lost in the Gardens";
			sourceTree = "<group>";
		};
		1A7EDED52E61222300D83B8E /* Lost in the GardensTests */ = {
			isa = PBXFileSystemSynchronizedRootGroup;
			path = "Lost in the GardensTests";
			sourceTree = "<group>";
		};
		1A7EDEDF2E61222300D83B8E /* Lost in the GardensUITests */ = {
			isa = PBXFileSystemSynchronizedRootGroup;
			path = "Lost in the GardensUITests";
			sourceTree = "<group>";
		};
/* End PBXFileSystemSynchronizedRootGroup section */

/* Begin PBXFrameworksBuildPhase section */
		1A7EDEBF2E61222200D83B8E /* Frameworks */ = {
			isa = PBXFrameworksBuildPhase;
			buildActionMask = 2147483647;
			files = (
			);
			runOnlyForDeploymentPostprocessing = 0;
		};
		1A7EDECF2E61222300D83B8E /* Frameworks */ = {
			isa = PBXFrameworksBuildPhase;
			buildActionMask = 2147483647;
			files = (
			);
			runOnlyForDeploymentPostprocessing = 0;
		};
		1A7EDED92E61222300D83B8E /* Frameworks */ = {
			isa = PBXFrameworksBuildPhase;
			buildActionMask = 2147483647;
			files = (
			);
			runOnlyForDeploymentPostprocessing = 0;
		};
/* End PBXFrameworksBuildPhase section */

/* Begin PBXGroup section */
		1A7EDEB92E61222200D83B8E = {
			isa = PBXGroup;
			children = (
				1A7EDEC42E61222200D83B8E /* Lost in the Gardens */,
				1A7EDED52E61222300D83B8E /* Lost in the GardensTests */,
				1A7EDEDF2E61222300D83B8E /* Lost in the GardensUITests */,
				1A7EDEC32E61222200D83B8E /* Products */,
			);
			sourceTree = "<group>";
		};
		1A7EDEC32E61222200D83B8E /* Products */ = {
			isa = PBXGroup;
			children = (
				1A7EDEC22E61222200D83B8E /* Lost in the Gardens.app */,
				1A7EDED22E61222300D83B8E /* Lost in the GardensTests.xctest */,
				1A7EDEDC2E61222300D83B8E /* Lost in the GardensUITests.xctest */,
			);
			name = Products;
			sourceTree = "<group>";
		};
/* End PBXGroup section */

/* Begin PBXNativeTarget section */
		1A7EDEC12E61222200D83B8E /* Lost in the Gardens */ = {
			isa = PBXNativeTarget;
			buildConfigurationList = 1A7EDEE62E61222300D83B8E /* Build configuration list for PBXNativeTarget "Lost in the Gardens" */;
			buildPhases = (
				1A7EDEBE2E61222200D83B8E /* Sources */,
				1A7EDEBF2E61222200D83B8E /* Frameworks */,
				1A7EDEC02E61222200D83B8E /* Resources */,
			);
			buildRules = (
			);
			dependencies = (
			);
			fileSystemSynchronizedGroups = (
				1A7EDEC42E61222200D83B8E /* Lost in the Gardens */,
			);
			name = "Lost in the Gardens";
			packageProductDependencies = (
			);
			productName = "Lost in the Gardens";
			productReference = 1A7EDEC22E61222200D83B8E /* Lost in the Gardens.app */;
			productType = "com.apple.product-type.application";
		};
		1A7EDED12E61222300D83B8E /* Lost in the GardensTests */ = {
			isa = PBXNativeTarget;
			buildConfigurationList = 1A7EDEE92E61222300D83B8E /* Build configuration list for PBXNativeTarget "Lost in the GardensTests" */;
			buildPhases = (
				1A7EDECE2E61222300D83B8E /* Sources */,
				1A7EDECF2E61222300D83B8E /* Frameworks */,
				1A7EDED02E61222300D83B8E /* Resources */,
			);
			buildRules = (
			);
			dependencies = (
				1A7EDED42E61222300D83B8E /* PBXTargetDependency */,
			);
			fileSystemSynchronizedGroups = (
				1A7EDED52E61222300D83B8E /* Lost in the GardensTests */,
			);
			name = "Lost in the GardensTests";
			packageProductDependencies = (
			);
			productName = "Lost in the GardensTests";
			productReference = 1A7EDED22E61222300D83B8E /* Lost in the GardensTests.xctest */;
			productType = "com.apple.product-type.bundle.unit-test";
		};
		1A7EDEDB2E61222300D83B8E /* Lost in the GardensUITests */ = {
			isa = PBXNativeTarget;
			buildConfigurationList = 1A7EDEEC2E61222300D83B8E /* Build configuration list for PBXNativeTarget "Lost in the GardensUITests" */;
			buildPhases = (
				1A7EDED82E61222300D83B8E /* Sources */,
				1A7EDED92E61222300D83B8E /* Frameworks */,
				1A7EDEDA2E61222300D83B8E /* Resources */,
			);
			buildRules = (
			);
			dependencies = (
				1A7EDEDE2E61222300D83B8E /* PBXTargetDependency */,
			);
			fileSystemSynchronizedGroups = (
				1A7EDEDF2E61222300D83B8E /* Lost in the GardensUITests */,
			);
			name = "Lost in the GardensUITests";
			packageProductDependencies = (
			);
			productName = "Lost in the GardensUITests";
			productReference = 1A7EDEDC2E61222300D83B8E /* Lost in the GardensUITests.xctest */;
			productType = "com.apple.product-type.bundle.ui-testing";
		};
/* End PBXNativeTarget section */

/* Begin PBXProject section */
		1A7EDEBA2E61222200D83B8E /* Project object */ = {
			isa = PBXProject;
			attributes = {
				BuildIndependentTargetsInParallel = 1;
				LastSwiftUpdateCheck = 1640;
				LastUpgradeCheck = 1640;
				TargetAttributes = {
					1A7EDEC12E61222200D83B8E = {
						CreatedOnToolsVersion = 16.4;
					};
					1A7EDED12E61222300D83B8E = {
						CreatedOnToolsVersion = 16.4;
						TestTargetID = 1A7EDEC12E61222200D83B8E;
					};
					1A7EDEDB2E61222300D83B8E = {
						CreatedOnToolsVersion = 16.4;
						TestTargetID = 1A7EDEC12E61222200D83B8E;
					};
				};
			};
			buildConfigurationList = 1A7EDEBD2E61222200D83B8E /* Build configuration list for PBXProject "Lost in the Gardens" */;
			developmentRegion = en;
			hasScannedForEncodings = 0;
			knownRegions = (
				en,
				Base,
			);
			mainGroup = 1A7EDEB92E61222200D83B8E;
			minimizedProjectReferenceProxies = 1;
			preferredProjectObjectVersion = 77;
			productRefGroup = 1A7EDEC32E61222200D83B8E /* Products */;
			projectDirPath = "";
			projectRoot = "";
			targets = (
				1A7EDEC12E61222200D83B8E /* Lost in the Gardens */,
				1A7EDED12E61222300D83B8E /* Lost in the GardensTests */,
				1A7EDEDB2E61222300D83B8E /* Lost in the GardensUITests */,
			);
		};
/* End PBXProject section */

/* Begin PBXResourcesBuildPhase section */
		1A7EDEC02E61222200D83B8E /* Resources */ = {
			isa = PBXResourcesBuildPhase;
			buildActionMask = 2147483647;
			files = (
			);
			runOnlyForDeploymentPostprocessing = 0;
		};
		1A7EDED02E61222300D83B8E /* Resources */ = {
			isa = PBXResourcesBuildPhase;
			buildActionMask = 2147483647;
			files = (
			);
			runOnlyForDeploymentPostprocessing = 0;
		};
		1A7EDEDA2E61222300D83B8E /* Resources */ = {
			isa = PBXResourcesBuildPhase;
			buildActionMask = 2147483647;
			files = (
			);
			runOnlyForDeploymentPostprocessing = 0;
		};
/* End PBXResourcesBuildPhase section */

/* Begin PBXSourcesBuildPhase section */
		1A7EDEBE2E61222200D83B8E /* Sources */ = {
			isa = PBXSourcesBuildPhase;
			buildActionMask = 2147483647;
			files = (
			);
			runOnlyForDeploymentPostprocessing = 0;
		};
		1A7EDECE2E61222300D83B8E /* Sources */ = {
			isa = PBXSourcesBuildPhase;
			buildActionMask = 2147483647;
			files = (
			);
			runOnlyForDeploymentPostprocessing = 0;
		};
		1A7EDED82E61222300D83B8E /* Sources */ = {
			isa = PBXSourcesBuildPhase;
			buildActionMask = 2147483647;
			files = (
			);
			runOnlyForDeploymentPostprocessing = 0;
		};
/* End PBXSourcesBuildPhase section */

/* Begin PBXTargetDependency section */
		1A7EDED42E61222300D83B8E /* PBXTargetDependency */ = {
			isa = PBXTargetDependency;
			target = 1A7EDEC12E61222200D83B8E /* Lost in the Gardens */;
			targetProxy = 1A7EDED32E61222300D83B8E /* PBXContainerItemProxy */;
		};
		1A7EDEDE2E61222300D83B8E /* PBXTargetDependency */ = {
			isa = PBXTargetDependency;
			target = 1A7EDEC12E61222200D83B8E /* Lost in the Gardens */;
			targetProxy = 1A7EDEDD2E61222300D83B8E /* PBXContainerItemProxy */;
		};
/* End PBXTargetDependency section */

/* Begin XCBuildConfiguration section */
		1A7EDEE42E61222300D83B8E /* Debug */ = {
			isa = XCBuildConfiguration;
			buildSettings = {
				ALWAYS_SEARCH_USER_PATHS = NO;
				ASSETCATALOG_COMPILER_GENERATE_SWIFT_ASSET_SYMBOL_EXTENSIONS = YES;
				CLANG_ANALYZER_NONNULL = YES;
				CLANG_ANALYZER_NUMBER_OBJECT_CONVERSION = YES_AGGRESSIVE;
				CLANG_CXX_LANGUAGE_STANDARD = "gnu++20";
				CLANG_ENABLE_MODULES = YES;
				CLANG_ENABLE_OBJC_ARC = YES;
				CLANG_ENABLE_OBJC_WEAK = YES;
				CLANG_WARN_BLOCK_CAPTURE_AUTORELEASING = YES;
				CLANG_WARN_BOOL_CONVERSION = YES;
				CLANG_WARN_COMMA = YES;
				CLANG_WARN_CONSTANT_CONVERSION = YES;
				CLANG_WARN_DEPRECATED_OBJC_IMPLEMENTATIONS = YES;
				CLANG_WARN_DIRECT_OBJC_ISA_USAGE = YES_ERROR;
				CLANG_WARN_DOCUMENTATION_COMMENTS = YES;
				CLANG_WARN_EMPTY_BODY = YES;
				CLANG_WARN_ENUM_CONVERSION = YES;
				CLANG_WARN_INFINITE_RECURSION = YES;
				CLANG_WARN_INT_CONVERSION = YES;
				CLANG_WARN_NON_LITERAL_NULL_CONVERSION = YES;
				CLANG_WARN_OBJC_IMPLICIT_RETAIN_SELF = YES;
				CLANG_WARN_OBJC_LITERAL_CONVERSION = YES;
				CLANG_WARN_OBJC_ROOT_CLASS = YES_ERROR;
				CLANG_WARN_QUOTED_INCLUDE_IN_FRAMEWORK_HEADER = YES;
				CLANG_WARN_RANGE_LOOP_ANALYSIS = YES;
				CLANG_WARN_STRICT_PROTOTYPES = YES;
				CLANG_WARN_SUSPICIOUS_MOVE = YES;
				CLANG_WARN_UNGUARDED_AVAILABILITY = YES_AGGRESSIVE;
				CLANG_WARN_UNREACHABLE_CODE = YES;
				CLANG_WARN__DUPLICATE_METHOD_MATCH = YES;
				COPY_PHASE_STRIP = NO;
				DEBUG_INFORMATION_FORMAT = dwarf;
				DEVELOPMENT_TEAM = TYVR9GGSKN;
				ENABLE_STRICT_OBJC_MSGSEND = YES;
				ENABLE_TESTABILITY = YES;
				ENABLE_USER_SCRIPT_SANDBOXING = YES;
				GCC_C_LANGUAGE_STANDARD = gnu17;
				GCC_DYNAMIC_NO_PIC = NO;
				GCC_NO_COMMON_BLOCKS = YES;
				GCC_OPTIMIZATION_LEVEL = 0;
				GCC_PREPROCESSOR_DEFINITIONS = (
					"DEBUG=1",
					"$(inherited)",
				);
				GCC_WARN_64_TO_32_BIT_CONVERSION = YES;
				GCC_WARN_ABOUT_RETURN_TYPE = YES_ERROR;
				GCC_WARN_UNDECLARED_SELECTOR = YES;
				GCC_WARN_UNINITIALIZED_AUTOS = YES_AGGRESSIVE;
				GCC_WARN_UNUSED_FUNCTION = YES;
				GCC_WARN_UNUSED_VARIABLE = YES;
				LOCALIZATION_PREFERS_STRING_CATALOGS = YES;
				MTL_ENABLE_DEBUG_INFO = INCLUDE_SOURCE;
				MTL_FAST_MATH = YES;
				ONLY_ACTIVE_ARCH = YES;
				SWIFT_ACTIVE_COMPILATION_CONDITIONS = "DEBUG $(inherited)";
				SWIFT_OPTIMIZATION_LEVEL = "-Onone";
			};
			name = Debug;
		};
		1A7EDEE52E61222300D83B8E /* Release */ = {
			isa = XCBuildConfiguration;
			buildSettings = {
				ALWAYS_SEARCH_USER_PATHS = NO;
				ASSETCATALOG_COMPILER_GENERATE_SWIFT_ASSET_SYMBOL_EXTENSIONS = YES;
				CLANG_ANALYZER_NONNULL = YES;
				CLANG_ANALYZER_NUMBER_OBJECT_CONVERSION = YES_AGGRESSIVE;
				CLANG_CXX_LANGUAGE_STANDARD = "gnu++20";
				CLANG_ENABLE_MODULES = YES;
				CLANG_ENABLE_OBJC_ARC = YES;
				CLANG_ENABLE_OBJC_WEAK = YES;
				CLANG_WARN_BLOCK_CAPTURE_AUTORELEASING = YES;
				CLANG_WARN_BOOL_CONVERSION = YES;
				CLANG_WARN_COMMA = YES;
				CLANG_WARN_CONSTANT_CONVERSION = YES;
				CLANG_WARN_DEPRECATED_OBJC_IMPLEMENTATIONS = YES;
				CLANG_WARN_DIRECT_OBJC_ISA_USAGE = YES_ERROR;
				CLANG_WARN_DOCUMENTATION_COMMENTS = YES;
				CLANG_WARN_EMPTY_BODY = YES;
				CLANG_WARN_ENUM_CONVERSION = YES;
				CLANG_WARN_INFINITE_RECURSION = YES;
				CLANG_WARN_INT_CONVERSION = YES;
				CLANG_WARN_NON_LITERAL_NULL_CONVERSION = YES;
				CLANG_WARN_OBJC_IMPLICIT_RETAIN_SELF = YES;
				CLANG_WARN_OBJC_LITERAL_CONVERSION = YES;
				CLANG_WARN_OBJC_ROOT_CLASS = YES_ERROR;
				CLANG_WARN_QUOTED_INCLUDE_IN_FRAMEWORK_HEADER = YES;
				CLANG_WARN_RANGE_LOOP_ANALYSIS = YES;
				CLANG_WARN_STRICT_PROTOTYPES = YES;
				CLANG_WARN_SUSPICIOUS_MOVE = YES;
				CLANG_WARN_UNGUARDED_AVAILABILITY = YES_AGGRESSIVE;
				CLANG_WARN_UNREACHABLE_CODE = YES;
				CLANG_WARN__DUPLICATE_METHOD_MATCH = YES;
				COPY_PHASE_STRIP = NO;
				DEBUG_INFORMATION_FORMAT = "dwarf-with-dsym";
				DEVELOPMENT_TEAM = TYVR9GGSKN;
				ENABLE_NS_ASSERTIONS = NO;
				ENABLE_STRICT_OBJC_MSGSEND = YES;
				ENABLE_USER_SCRIPT_SANDBOXING = YES;
				GCC_C_LANGUAGE_STANDARD = gnu17;
				GCC_NO_COMMON_BLOCKS = YES;
				GCC_WARN_64_TO_32_BIT_CONVERSION = YES;
				GCC_WARN_ABOUT_RETURN_TYPE = YES_ERROR;
				GCC_WARN_UNDECLARED_SELECTOR = YES;
				GCC_WARN_UNINITIALIZED_AUTOS = YES_AGGRESSIVE;
				GCC_WARN_UNUSED_FUNCTION = YES;
				GCC_WARN_UNUSED_VARIABLE = YES;
				LOCALIZATION_PREFERS_STRING_CATALOGS = YES;
				MTL_ENABLE_DEBUG_INFO = NO;
				MTL_FAST_MATH = YES;
				SWIFT_COMPILATION_MODE = wholemodule;
			};
			name = Release;
		};
		1A7EDEE72E61222300D83B8E /* Debug */ = {
			isa = XCBuildConfiguration;
			buildSettings = {
				ASSETCATALOG_COMPILER_APPICON_NAME = AppIcon;
				ASSETCATALOG_COMPILER_GLOBAL_ACCENT_COLOR_NAME = AccentColor;
				CODE_SIGN_ENTITLEMENTS = "Lost in the Gardens/Lost_in_the_Gardens.entitlements";
				CODE_SIGN_STYLE = Automatic;
				CURRENT_PROJECT_VERSION = 1;
				DEVELOPMENT_TEAM = TYVR9GGSKN;
				ENABLE_HARDENED_RUNTIME = YES;
				ENABLE_PREVIEWS = YES;
				GENERATE_INFOPLIST_FILE = YES;
				INFOPLIST_KEY_NSLocationAlwaysAndWhenInUseUsageDescription = "We use background location to automatically start dropping breadcrumbs when you enter the Gardens.";
				INFOPLIST_KEY_NSLocationWhenInUseUsageDescription = "Lost In The Gardens uses your location to help you navigate while the app is open.";
				"INFOPLIST_KEY_UIApplicationSceneManifest_Generation[sdk=iphoneos*]" = YES;
				"INFOPLIST_KEY_UIApplicationSceneManifest_Generation[sdk=iphonesimulator*]" = YES;
				"INFOPLIST_KEY_UIApplicationSupportsIndirectInputEvents[sdk=iphoneos*]" = YES;
				"INFOPLIST_KEY_UIApplicationSupportsIndirectInputEvents[sdk=iphonesimulator*]" = YES;
				"INFOPLIST_KEY_UILaunchScreen_Generation[sdk=iphoneos*]" = YES;
				"INFOPLIST_KEY_UILaunchScreen_Generation[sdk=iphonesimulator*]" = YES;
				"INFOPLIST_KEY_UIStatusBarStyle[sdk=iphoneos*]" = UIStatusBarStyleDefault;
				"INFOPLIST_KEY_UIStatusBarStyle[sdk=iphonesimulator*]" = UIStatusBarStyleDefault;
				INFOPLIST_KEY_UISupportedInterfaceOrientations_iPad = "UIInterfaceOrientationPortrait UIInterfaceOrientationPortraitUpsideDown UIInterfaceOrientationLandscapeLeft UIInterfaceOrientationLandscapeRight";
				INFOPLIST_KEY_UISupportedInterfaceOrientations_iPhone = "UIInterfaceOrientationPortrait UIInterfaceOrientationLandscapeLeft UIInterfaceOrientationLandscapeRight";
				IPHONEOS_DEPLOYMENT_TARGET = 18.5;
				LD_RUNPATH_SEARCH_PATHS = "@executable_path/Frameworks";
				"LD_RUNPATH_SEARCH_PATHS[sdk=macosx*]" = "@executable_path/../Frameworks";
				MACOSX_DEPLOYMENT_TARGET = 14.0;
				MARKETING_VERSION = 1.0;
				PRODUCT_BUNDLE_IDENTIFIER = "com.sjodle.Lost-in-the-Gardens";
				PRODUCT_NAME = "$(TARGET_NAME)";
				REGISTER_APP_GROUPS = YES;
				SDKROOT = auto;
				SUPPORTED_PLATFORMS = "iphoneos iphonesimulator macosx xros xrsimulator";
				SWIFT_EMIT_LOC_STRINGS = YES;
				SWIFT_VERSION = 5.0;
				TARGETED_DEVICE_FAMILY = "1,2,7";
				XROS_DEPLOYMENT_TARGET = 2.5;
			};
			name = Debug;
		};
		1A7EDEE82E61222300D83B8E /* Release */ = {
			isa = XCBuildConfiguration;
			buildSettings = {
				ASSETCATALOG_COMPILER_APPICON_NAME = AppIcon;
				ASSETCATALOG_COMPILER_GLOBAL_ACCENT_COLOR_NAME = AccentColor;
				CODE_SIGN_ENTITLEMENTS = "Lost in the Gardens/Lost_in_the_Gardens.entitlements";
				CODE_SIGN_STYLE = Automatic;
				CURRENT_PROJECT_VERSION = 1;
				DEVELOPMENT_TEAM = TYVR9GGSKN;
				ENABLE_HARDENED_RUNTIME = YES;
				ENABLE_PREVIEWS = YES;
				GENERATE_INFOPLIST_FILE = YES;
				INFOPLIST_KEY_NSLocationAlwaysAndWhenInUseUsageDescription = "We use background location to automatically start dropping breadcrumbs when you enter the Gardens.";
				INFOPLIST_KEY_NSLocationWhenInUseUsageDescription = "Lost In The Gardens uses your location to help you navigate while the app is open.";
				"INFOPLIST_KEY_UIApplicationSceneManifest_Generation[sdk=iphoneos*]" = YES;
				"INFOPLIST_KEY_UIApplicationSceneManifest_Generation[sdk=iphonesimulator*]" = YES;
				"INFOPLIST_KEY_UIApplicationSupportsIndirectInputEvents[sdk=iphoneos*]" = YES;
				"INFOPLIST_KEY_UIApplicationSupportsIndirectInputEvents[sdk=iphonesimulator*]" = YES;
				"INFOPLIST_KEY_UILaunchScreen_Generation[sdk=iphoneos*]" = YES;
				"INFOPLIST_KEY_UILaunchScreen_Generation[sdk=iphonesimulator*]" = YES;
				"INFOPLIST_KEY_UIStatusBarStyle[sdk=iphoneos*]" = UIStatusBarStyleDefault;
				"INFOPLIST_KEY_UIStatusBarStyle[sdk=iphonesimulator*]" = UIStatusBarStyleDefault;
				INFOPLIST_KEY_UISupportedInterfaceOrientations_iPad = "UIInterfaceOrientationPortrait UIInterfaceOrientationPortraitUpsideDown UIInterfaceOrientationLandscapeLeft UIInterfaceOrientationLandscapeRight";
				INFOPLIST_KEY_UISupportedInterfaceOrientations_iPhone = "UIInterfaceOrientationPortrait UIInterfaceOrientationLandscapeLeft UIInterfaceOrientationLandscapeRight";
				IPHONEOS_DEPLOYMENT_TARGET = 18.5;
				LD_RUNPATH_SEARCH_PATHS = "@executable_path/Frameworks";
				"LD_RUNPATH_SEARCH_PATHS[sdk=macosx*]" = "@executable_path/../Frameworks";
				MACOSX_DEPLOYMENT_TARGET = 14.0;
				MARKETING_VERSION = 1.0;
				PRODUCT_BUNDLE_IDENTIFIER = "com.sjodle.Lost-in-the-Gardens";
				PRODUCT_NAME = "$(TARGET_NAME)";
				REGISTER_APP_GROUPS = YES;
				SDKROOT = auto;
				SUPPORTED_PLATFORMS = "iphoneos iphonesimulator macosx xros xrsimulator";
				SWIFT_EMIT_LOC_STRINGS = YES;
				SWIFT_VERSION = 5.0;
				TARGETED_DEVICE_FAMILY = "1,2,7";
				XROS_DEPLOYMENT_TARGET = 2.5;
			};
			name = Release;
		};
		1A7EDEEA2E61222300D83B8E /* Debug */ = {
			isa = XCBuildConfiguration;
			buildSettings = {
				BUNDLE_LOADER = "$(TEST_HOST)";
				CODE_SIGN_STYLE = Automatic;
				CURRENT_PROJECT_VERSION = 1;
				DEVELOPMENT_TEAM = TYVR9GGSKN;
				GENERATE_INFOPLIST_FILE = YES;
				IPHONEOS_DEPLOYMENT_TARGET = 18.5;
				MACOSX_DEPLOYMENT_TARGET = 15.5;
				MARKETING_VERSION = 1.0;
				PRODUCT_BUNDLE_IDENTIFIER = "com.sjodle.Lost-in-the-GardensTests";
				PRODUCT_NAME = "$(TARGET_NAME)";
				SDKROOT = auto;
				SUPPORTED_PLATFORMS = "iphoneos iphonesimulator macosx xros xrsimulator";
				SWIFT_EMIT_LOC_STRINGS = NO;
				SWIFT_VERSION = 5.0;
				TARGETED_DEVICE_FAMILY = "1,2,7";
				TEST_HOST = "$(BUILT_PRODUCTS_DIR)/Lost in the Gardens.app/$(BUNDLE_EXECUTABLE_FOLDER_PATH)/Lost in the Gardens";
				XROS_DEPLOYMENT_TARGET = 2.5;
			};
			name = Debug;
		};
		1A7EDEEB2E61222300D83B8E /* Release */ = {
			isa = XCBuildConfiguration;
			buildSettings = {
				BUNDLE_LOADER = "$(TEST_HOST)";
				CODE_SIGN_STYLE = Automatic;
				CURRENT_PROJECT_VERSION = 1;
				DEVELOPMENT_TEAM = TYVR9GGSKN;
				GENERATE_INFOPLIST_FILE = YES;
				IPHONEOS_DEPLOYMENT_TARGET = 18.5;
				MACOSX_DEPLOYMENT_TARGET = 15.5;
				MARKETING_VERSION = 1.0;
				PRODUCT_BUNDLE_IDENTIFIER = "com.sjodle.Lost-in-the-GardensTests";
				PRODUCT_NAME = "$(TARGET_NAME)";
				SDKROOT = auto;
				SUPPORTED_PLATFORMS = "iphoneos iphonesimulator macosx xros xrsimulator";
				SWIFT_EMIT_LOC_STRINGS = NO;
				SWIFT_VERSION = 5.0;
				TARGETED_DEVICE_FAMILY = "1,2,7";
				TEST_HOST = "$(BUILT_PRODUCTS_DIR)/Lost in the Gardens.app/$(BUNDLE_EXECUTABLE_FOLDER_PATH)/Lost in the Gardens";
				XROS_DEPLOYMENT_TARGET = 2.5;
			};
			name = Release;
		};
		1A7EDEED2E61222300D83B8E /* Debug */ = {
			isa = XCBuildConfiguration;
			buildSettings = {
				CODE_SIGN_STYLE = Automatic;
				CURRENT_PROJECT_VERSION = 1;
				DEVELOPMENT_TEAM = TYVR9GGSKN;
				GENERATE_INFOPLIST_FILE = YES;
				IPHONEOS_DEPLOYMENT_TARGET = 18.5;
				MACOSX_DEPLOYMENT_TARGET = 15.5;
				MARKETING_VERSION = 1.0;
				PRODUCT_BUNDLE_IDENTIFIER = "com.sjodle.Lost-in-the-GardensUITests";
				PRODUCT_NAME = "$(TARGET_NAME)";
				SDKROOT = auto;
				SUPPORTED_PLATFORMS = "iphoneos iphonesimulator macosx xros xrsimulator";
				SWIFT_EMIT_LOC_STRINGS = NO;
				SWIFT_VERSION = 5.0;
				TARGETED_DEVICE_FAMILY = "1,2,7";
				TEST_TARGET_NAME = "Lost in the Gardens";
				XROS_DEPLOYMENT_TARGET = 2.5;
			};
			name = Debug;
		};
		1A7EDEEE2E61222300D83B8E /* Release */ = {
			isa = XCBuildConfiguration;
			buildSettings = {
				CODE_SIGN_STYLE = Automatic;
				CURRENT_PROJECT_VERSION = 1;
				DEVELOPMENT_TEAM = TYVR9GGSKN;
				GENERATE_INFOPLIST_FILE = YES;
				IPHONEOS_DEPLOYMENT_TARGET = 18.5;
				MACOSX_DEPLOYMENT_TARGET = 15.5;
				MARKETING_VERSION = 1.0;
				PRODUCT_BUNDLE_IDENTIFIER = "com.sjodle.Lost-in-the-GardensUITests";
				PRODUCT_NAME = "$(TARGET_NAME)";
				SDKROOT = auto;
				SUPPORTED_PLATFORMS = "iphoneos iphonesimulator macosx xros xrsimulator";
				SWIFT_EMIT_LOC_STRINGS = NO;
				SWIFT_VERSION = 5.0;
				TARGETED_DEVICE_FAMILY = "1,2,7";
				TEST_TARGET_NAME = "Lost in the Gardens";
				XROS_DEPLOYMENT_TARGET = 2.5;
			};
			name = Release;
		};
/* End XCBuildConfiguration section */

/* Begin XCConfigurationList section */
		1A7EDEBD2E61222200D83B8E /* Build configuration list for PBXProject "Lost in the Gardens" */ = {
			isa = XCConfigurationList;
			buildConfigurations = (
				1A7EDEE42E61222300D83B8E /* Debug */,
				1A7EDEE52E61222300D83B8E /* Release */,
			);
			defaultConfigurationIsVisible = 0;
			defaultConfigurationName = Release;
		};
		1A7EDEE62E61222300D83B8E /* Build configuration list for PBXNativeTarget "Lost in the Gardens" */ = {
			isa = XCConfigurationList;
			buildConfigurations = (
				1A7EDEE72E61222300D83B8E /* Debug */,
				1A7EDEE82E61222300D83B8E /* Release */,
			);
			defaultConfigurationIsVisible = 0;
			defaultConfigurationName = Release;
		};
		1A7EDEE92E61222300D83B8E /* Build configuration list for PBXNativeTarget "Lost in the GardensTests" */ = {
			isa = XCConfigurationList;
			buildConfigurations = (
				1A7EDEEA2E61222300D83B8E /* Debug */,
				1A7EDEEB2E61222300D83B8E /* Release */,
			);
			defaultConfigurationIsVisible = 0;
			defaultConfigurationName = Release;
		};
		1A7EDEEC2E61222300D83B8E /* Build configuration list for PBXNativeTarget "Lost in the GardensUITests" */ = {
			isa = XCConfigurationList;
			buildConfigurations = (
				1A7EDEED2E61222300D83B8E /* Debug */,
				1A7EDEEE2E61222300D83B8E /* Release */,
			);
			defaultConfigurationIsVisible = 0;
			defaultConfigurationName = Release;
		};
/* End XCConfigurationList section */
	};
	rootObject = 1A7EDEBA2E61222200D83B8E /* Project object */;
}
